
Microsoft Visual Studio Solution File, Format Version 12.00
# Visual Studio Version 17
VisualStudioVersion = 17.0.31903.59
MinimumVisualStudioVersion = 10.0.40219.1
Project("{2150E333-8FDC-42A3-9474-1A3956D46DE8}") = "src", "src", "{DE8D69CC-D51E-44AB-B618-D7B5F6885206}"
EndProject
Project("{FAE04EC0-301F-11D3-BF4B-00C04F79EFBC}") = "OPS.Api", "src\OPS.Api\OPS.Api.csproj", "{D192DD34-4D01-4187-B461-353EB077E91A}"
EndProject
Project("{FAE04EC0-301F-11D3-BF4B-00C04F79EFBC}") = "OPS.Domain", "src\OPS.Domain\OPS.Domain.csproj", "{366C6D55-55D1-460C-8E27-7ED6162DD9DF}"
EndProject
Project("{FAE04EC0-301F-11D3-BF4B-00C04F79EFBC}") = "OPS.Infrastructure", "src\OPS.Infrastructure\OPS.Infrastructure.csproj", "{4705BF7F-B14B-44C6-8F0C-B8F47F8D4C24}"
EndProject
Project("{FAE04EC0-301F-11D3-BF4B-00C04F79EFBC}") = "OPS.Persistence", "src\OPS.Persistence\OPS.Persistence.csproj", "{2FFC0590-8E45-4580-99E7-39052907F711}"
EndProject
Project("{FAE04EC0-301F-11D3-BF4B-00C04F79EFBC}") = "OPS.Service", "src\OPS.Service\OPS.Service.csproj", "{12DA9794-C72C-4FAC-80E7-799B8FE5B566}"
EndProject
Global
	GlobalSection(SolutionConfigurationPlatforms) = preSolution
		Debug|Any CPU = Debug|Any CPU
		Release|Any CPU = Release|Any CPU
	EndGlobalSection
	GlobalSection(SolutionProperties) = preSolution
		HideSolutionNode = FALSE
	EndGlobalSection
	GlobalSection(ProjectConfigurationPlatforms) = postSolution
		{D192DD34-4D01-4187-B461-353EB077E91A}.Debug|Any CPU.ActiveCfg = Debug|Any CPU
		{D192DD34-4D01-4187-B461-353EB077E91A}.Debug|Any CPU.Build.0 = Debug|Any CPU
		{D192DD34-4D01-4187-B461-353EB077E91A}.Release|Any CPU.ActiveCfg = Release|Any CPU
		{D192DD34-4D01-4187-B461-353EB077E91A}.Release|Any CPU.Build.0 = Release|Any CPU
		{366C6D55-55D1-460C-8E27-7ED6162DD9DF}.Debug|Any CPU.ActiveCfg = Debug|Any CPU
		{366C6D55-55D1-460C-8E27-7ED6162DD9DF}.Debug|Any CPU.Build.0 = Debug|Any CPU
		{366C6D55-55D1-460C-8E27-7ED6162DD9DF}.Release|Any CPU.ActiveCfg = Release|Any CPU
		{366C6D55-55D1-460C-8E27-7ED6162DD9DF}.Release|Any CPU.Build.0 = Release|Any CPU
		{4705BF7F-B14B-44C6-8F0C-B8F47F8D4C24}.Debug|Any CPU.ActiveCfg = Debug|Any CPU
		{4705BF7F-B14B-44C6-8F0C-B8F47F8D4C24}.Debug|Any CPU.Build.0 = Debug|Any CPU
		{4705BF7F-B14B-44C6-8F0C-B8F47F8D4C24}.Release|Any CPU.ActiveCfg = Release|Any CPU
		{4705BF7F-B14B-44C6-8F0C-B8F47F8D4C24}.Release|Any CPU.Build.0 = Release|Any CPU
		{2FFC0590-8E45-4580-99E7-39052907F711}.Debug|Any CPU.ActiveCfg = Debug|Any CPU
		{2FFC0590-8E45-4580-99E7-39052907F711}.Debug|Any CPU.Build.0 = Debug|Any CPU
		{2FFC0590-8E45-4580-99E7-39052907F711}.Release|Any CPU.ActiveCfg = Release|Any CPU
		{2FFC0590-8E45-4580-99E7-39052907F711}.Release|Any CPU.Build.0 = Release|Any CPU
		{12DA9794-C72C-4FAC-80E7-799B8FE5B566}.Debug|Any CPU.ActiveCfg = Debug|Any CPU
		{12DA9794-C72C-4FAC-80E7-799B8FE5B566}.Debug|Any CPU.Build.0 = Debug|Any CPU
		{12DA9794-C72C-4FAC-80E7-799B8FE5B566}.Release|Any CPU.ActiveCfg = Release|Any CPU
		{12DA9794-C72C-4FAC-80E7-799B8FE5B566}.Release|Any CPU.Build.0 = Release|Any CPU
	EndGlobalSection
	GlobalSection(NestedProjects) = preSolution
		{D192DD34-4D01-4187-B461-353EB077E91A} = {DE8D69CC-D51E-44AB-B618-D7B5F6885206}
		{366C6D55-55D1-460C-8E27-7ED6162DD9DF} = {DE8D69CC-D51E-44AB-B618-D7B5F6885206}
		{4705BF7F-B14B-44C6-8F0C-B8F47F8D4C24} = {DE8D69CC-D51E-44AB-B618-D7B5F6885206}
		{2FFC0590-8E45-4580-99E7-39052907F711} = {DE8D69CC-D51E-44AB-B618-D7B5F6885206}
		{12DA9794-C72C-4FAC-80E7-799B8FE5B566} = {DE8D69CC-D51E-44AB-B618-D7B5F6885206}
	EndGlobalSection
EndGlobal
