
Microsoft Visual Studio Solution File, Format Version 12.00
# Visual Studio Version 17
VisualStudioVersion = 17.0.31903.59
MinimumVisualStudioVersion = 10.0.40219.1
Project("{2150E333-8FDC-42A3-9474-1A3956D46DE8}") = "src", "src", "{DE8D69CC-D51E-44AB-B618-D7B5F6885206}"
EndProject
Project("{2150E333-8FDC-42A3-9474-1A3956D46DE8}") = "Api", "Api", "{44E66A5E-CC0A-4C38-97E0-2A76F7CD9E01}"
EndProject
Project("{FAE04EC0-301F-11D3-BF4B-00C04F79EFBC}") = "OPS.Api", "src\Api\OPS.Api\OPS.Api.csproj", "{D192DD34-4D01-4187-B461-353EB077E91A}"
EndProject
Project("{FAE04EC0-301F-11D3-BF4B-00C04F79EFBC}") = "OPS.Domain", "src\Api\OPS.Domain\OPS.Domain.csproj", "{366C6D55-55D1-460C-8E27-7ED6162DD9DF}"
EndProject
Project("{FAE04EC0-301F-11D3-BF4B-00C04F79EFBC}") = "OPS.Infrastructure", "src\Api\OPS.Infrastructure\OPS.Infrastructure.csproj", "{4705BF7F-B14B-44C6-8F0C-B8F47F8D4C24}"
EndProject
Project("{FAE04EC0-301F-11D3-BF4B-00C04F79EFBC}") = "OPS.Persistence", "src\Api\OPS.Persistence\OPS.Persistence.csproj", "{2FFC0590-8E45-4580-99E7-39052907F711}"
EndProject
Project("{FAE04EC0-301F-11D3-BF4B-00C04F79EFBC}") = "OPS.Application", "src\Api\OPS.Application\OPS.Application.csproj", "{12DA9794-C72C-4FAC-80E7-799B8FE5B566}"
EndProject
Project("{54A90642-561A-4BB1-A94E-469ADEE60C69}") = "Client", "src\Client\Client.esproj", "{97F0E8B0-23EB-4290-8446-E88DC8FBF5F1}"
EndProject
Project("{2150E333-8FDC-42A3-9474-1A3956D46DE8}") = "test", "test", "{4BB88E8D-2971-42F3-BB83-FB36C54A4E7B}"
EndProject
Project("{FAE04EC0-301F-11D3-BF4B-00C04F79EFBC}") = "OPS.Application.Tests.Unit", "test\OPS.Application.Tests.Unit\OPS.Application.Tests.Unit.csproj", "{C4DF5E59-2EA2-4337-B536-1FE79749AA5D}"
EndProject
Global
	GlobalSection(SolutionConfigurationPlatforms) = preSolution
		Debug|Any CPU = Debug|Any CPU
		Release|Any CPU = Release|Any CPU
	EndGlobalSection
	GlobalSection(ProjectConfigurationPlatforms) = postSolution
		{D192DD34-4D01-4187-B461-353EB077E91A}.Debug|Any CPU.ActiveCfg = Debug|Any CPU
		{D192DD34-4D01-4187-B461-353EB077E91A}.Debug|Any CPU.Build.0 = Debug|Any CPU
		{D192DD34-4D01-4187-B461-353EB077E91A}.Release|Any CPU.ActiveCfg = Release|Any CPU
		{D192DD34-4D01-4187-B461-353EB077E91A}.Release|Any CPU.Build.0 = Release|Any CPU
		{366C6D55-55D1-460C-8E27-7ED6162DD9DF}.Debug|Any CPU.ActiveCfg = Debug|Any CPU
		{366C6D55-55D1-460C-8E27-7ED6162DD9DF}.Debug|Any CPU.Build.0 = Debug|Any CPU
		{366C6D55-55D1-460C-8E27-7ED6162DD9DF}.Release|Any CPU.ActiveCfg = Release|Any CPU
		{366C6D55-55D1-460C-8E27-7ED6162DD9DF}.Release|Any CPU.Build.0 = Release|Any CPU
		{4705BF7F-B14B-44C6-8F0C-B8F47F8D4C24}.Debug|Any CPU.ActiveCfg = Debug|Any CPU
		{4705BF7F-B14B-44C6-8F0C-B8F47F8D4C24}.Debug|Any CPU.Build.0 = Debug|Any CPU
		{4705BF7F-B14B-44C6-8F0C-B8F47F8D4C24}.Release|Any CPU.ActiveCfg = Release|Any CPU
		{4705BF7F-B14B-44C6-8F0C-B8F47F8D4C24}.Release|Any CPU.Build.0 = Release|Any CPU
		{2FFC0590-8E45-4580-99E7-39052907F711}.Debug|Any CPU.ActiveCfg = Debug|Any CPU
		{2FFC0590-8E45-4580-99E7-39052907F711}.Debug|Any CPU.Build.0 = Debug|Any CPU
		{2FFC0590-8E45-4580-99E7-39052907F711}.Release|Any CPU.ActiveCfg = Release|Any CPU
		{2FFC0590-8E45-4580-99E7-39052907F711}.Release|Any CPU.Build.0 = Release|Any CPU
		{12DA9794-C72C-4FAC-80E7-799B8FE5B566}.Debug|Any CPU.ActiveCfg = Debug|Any CPU
		{12DA9794-C72C-4FAC-80E7-799B8FE5B566}.Debug|Any CPU.Build.0 = Debug|Any CPU
		{12DA9794-C72C-4FAC-80E7-799B8FE5B566}.Release|Any CPU.ActiveCfg = Release|Any CPU
		{12DA9794-C72C-4FAC-80E7-799B8FE5B566}.Release|Any CPU.Build.0 = Release|Any CPU
		{97F0E8B0-23EB-4290-8446-E88DC8FBF5F1}.Debug|Any CPU.ActiveCfg = Debug|Any CPU
		{97F0E8B0-23EB-4290-8446-E88DC8FBF5F1}.Debug|Any CPU.Build.0 = Debug|Any CPU
		{97F0E8B0-23EB-4290-8446-E88DC8FBF5F1}.Debug|Any CPU.Deploy.0 = Debug|Any CPU
		{97F0E8B0-23EB-4290-8446-E88DC8FBF5F1}.Release|Any CPU.ActiveCfg = Release|Any CPU
		{97F0E8B0-23EB-4290-8446-E88DC8FBF5F1}.Release|Any CPU.Build.0 = Release|Any CPU
		{97F0E8B0-23EB-4290-8446-E88DC8FBF5F1}.Release|Any CPU.Deploy.0 = Release|Any CPU
		{C4DF5E59-2EA2-4337-B536-1FE79749AA5D}.Debug|Any CPU.ActiveCfg = Debug|Any CPU
		{C4DF5E59-2EA2-4337-B536-1FE79749AA5D}.Debug|Any CPU.Build.0 = Debug|Any CPU
		{C4DF5E59-2EA2-4337-B536-1FE79749AA5D}.Release|Any CPU.ActiveCfg = Release|Any CPU
		{C4DF5E59-2EA2-4337-B536-1FE79749AA5D}.Release|Any CPU.Build.0 = Release|Any CPU
	EndGlobalSection
	GlobalSection(SolutionProperties) = preSolution
		HideSolutionNode = FALSE
	EndGlobalSection
	GlobalSection(NestedProjects) = preSolution
		{D192DD34-4D01-4187-B461-353EB077E91A} = {44E66A5E-CC0A-4C38-97E0-2A76F7CD9E01}
		{366C6D55-55D1-460C-8E27-7ED6162DD9DF} = {44E66A5E-CC0A-4C38-97E0-2A76F7CD9E01}
		{4705BF7F-B14B-44C6-8F0C-B8F47F8D4C24} = {44E66A5E-CC0A-4C38-97E0-2A76F7CD9E01}
		{2FFC0590-8E45-4580-99E7-39052907F711} = {44E66A5E-CC0A-4C38-97E0-2A76F7CD9E01}
		{12DA9794-C72C-4FAC-80E7-799B8FE5B566} = {44E66A5E-CC0A-4C38-97E0-2A76F7CD9E01}
		{97F0E8B0-23EB-4290-8446-E88DC8FBF5F1} = {DE8D69CC-D51E-44AB-B618-D7B5F6885206}
		{44E66A5E-CC0A-4C38-97E0-2A76F7CD9E01} = {DE8D69CC-D51E-44AB-B618-D7B5F6885206}
		{C4DF5E59-2EA2-4337-B536-1FE79749AA5D} = {4BB88E8D-2971-42F3-BB83-FB36C54A4E7B}
	EndGlobalSection
EndGlobal
